
Microsoft Visual Studio Solution File, Format Version 12.00
# Visual Studio 15
VisualStudioVersion = 15.0.28307.438
MinimumVisualStudioVersion = 10.0.40219.1
Project("{FAE04EC0-301F-11D3-BF4B-00C04F79EFBC}") = "проверка отр чисел", "проверка отр чисел\проверка отр чисел.csproj", "{6EB3CD38-41FB-4E81-928A-6190EEC6765B}"
EndProject
Global
	GlobalSection(SolutionConfigurationPlatforms) = preSolution
		Debug|Any CPU = Debug|Any CPU
		Release|Any CPU = Release|Any CPU
	EndGlobalSection
	GlobalSection(ProjectConfigurationPlatforms) = postSolution
		{6EB3CD38-41FB-4E81-928A-6190EEC6765B}.Debug|Any CPU.ActiveCfg = Debug|Any CPU
		{6EB3CD38-41FB-4E81-928A-6190EEC6765B}.Debug|Any CPU.Build.0 = Debug|Any CPU
		{6EB3CD38-41FB-4E81-928A-6190EEC6765B}.Release|Any CPU.ActiveCfg = Release|Any CPU
		{6EB3CD38-41FB-4E81-928A-6190EEC6765B}.Release|Any CPU.Build.0 = Release|Any CPU
	EndGlobalSection
	GlobalSection(SolutionProperties) = preSolution
		HideSolutionNode = FALSE
	EndGlobalSection
	GlobalSection(ExtensibilityGlobals) = postSolution
		SolutionGuid = {9BC7EF4C-50F2-4FEF-B745-65C4E41888A2}
	EndGlobalSection
EndGlobal
